
Microsoft Visual Studio Solution File, Format Version 12.00
# Visual Studio 2013
VisualStudioVersion = 12.0.31101.0
MinimumVisualStudioVersion = 10.0.40219.1
Project("{FAE04EC0-301F-11D3-BF4B-00C04F79EFBC}") = "CMI.Track.Web", "CMI.Track.Web\CMI.Track.Web.csproj", "{ABF4CAF3-D0E9-4D11-9AF0-02D9111227C7}"
EndProject
Project("{FAE04EC0-301F-11D3-BF4B-00C04F79EFBC}") = "CMI.Track.Web.Models", "CMI.Track.Web.Models\CMI.Track.Web.Models.csproj", "{B12AC29C-9C47-4F4E-95DD-96E358EA9A4C}"
EndProject
Project("{FAE04EC0-301F-11D3-BF4B-00C04F79EFBC}") = "CMI.Track.Web.Controllers", "CMI.Track.Web.Controllers\CMI.Track.Web.Controllers.csproj", "{59E87095-2BF2-46DD-9C00-7FA3CB85BA85}"
EndProject
Project("{FAE04EC0-301F-11D3-BF4B-00C04F79EFBC}") = "CMI.Track.Web.Data", "CMI.Track.Web.Data\CMI.Track.Web.Data.csproj", "{71F4B83C-AED4-40ED-A9F6-56E968609ABB}"
EndProject
Global
	GlobalSection(SolutionConfigurationPlatforms) = preSolution
		Debug|Any CPU = Debug|Any CPU
		Release|Any CPU = Release|Any CPU
	EndGlobalSection
	GlobalSection(ProjectConfigurationPlatforms) = postSolution
		{ABF4CAF3-D0E9-4D11-9AF0-02D9111227C7}.Debug|Any CPU.ActiveCfg = Debug|Any CPU
		{ABF4CAF3-D0E9-4D11-9AF0-02D9111227C7}.Debug|Any CPU.Build.0 = Debug|Any CPU
		{ABF4CAF3-D0E9-4D11-9AF0-02D9111227C7}.Release|Any CPU.ActiveCfg = Release|Any CPU
		{ABF4CAF3-D0E9-4D11-9AF0-02D9111227C7}.Release|Any CPU.Build.0 = Release|Any CPU
		{B12AC29C-9C47-4F4E-95DD-96E358EA9A4C}.Debug|Any CPU.ActiveCfg = Debug|Any CPU
		{B12AC29C-9C47-4F4E-95DD-96E358EA9A4C}.Debug|Any CPU.Build.0 = Debug|Any CPU
		{B12AC29C-9C47-4F4E-95DD-96E358EA9A4C}.Release|Any CPU.ActiveCfg = Release|Any CPU
		{B12AC29C-9C47-4F4E-95DD-96E358EA9A4C}.Release|Any CPU.Build.0 = Release|Any CPU
		{59E87095-2BF2-46DD-9C00-7FA3CB85BA85}.Debug|Any CPU.ActiveCfg = Debug|Any CPU
		{59E87095-2BF2-46DD-9C00-7FA3CB85BA85}.Debug|Any CPU.Build.0 = Debug|Any CPU
		{59E87095-2BF2-46DD-9C00-7FA3CB85BA85}.Release|Any CPU.ActiveCfg = Release|Any CPU
		{59E87095-2BF2-46DD-9C00-7FA3CB85BA85}.Release|Any CPU.Build.0 = Release|Any CPU
		{71F4B83C-AED4-40ED-A9F6-56E968609ABB}.Debug|Any CPU.ActiveCfg = Debug|Any CPU
		{71F4B83C-AED4-40ED-A9F6-56E968609ABB}.Debug|Any CPU.Build.0 = Debug|Any CPU
		{71F4B83C-AED4-40ED-A9F6-56E968609ABB}.Release|Any CPU.ActiveCfg = Release|Any CPU
		{71F4B83C-AED4-40ED-A9F6-56E968609ABB}.Release|Any CPU.Build.0 = Release|Any CPU
	EndGlobalSection
	GlobalSection(SolutionProperties) = preSolution
		HideSolutionNode = FALSE
	EndGlobalSection
EndGlobal
